
Microsoft Visual Studio Solution File, Format Version 12.00
# Visual Studio 15
VisualStudioVersion = 15.0.27130.2036
MinimumVisualStudioVersion = 10.0.40219.1
Project("{FAE04EC0-301F-11D3-BF4B-00C04F79EFBC}") = "MeetGroupApp", "MeetGroupApp\MeetGroupApp.csproj", "{AEF40A89-AD55-4C07-83CA-585E9295A8DF}"
EndProject
Project("{FAE04EC0-301F-11D3-BF4B-00C04F79EFBC}") = "MeetGroupApp.Tests", "MeetGroupApp.Tests\MeetGroupApp.Tests.csproj", "{793F2254-9C30-461B-BDDC-EE96871A48E6}"
EndProject
Global
	GlobalSection(SolutionConfigurationPlatforms) = preSolution
		Debug|Any CPU = Debug|Any CPU
		Release|Any CPU = Release|Any CPU
	EndGlobalSection
	GlobalSection(ProjectConfigurationPlatforms) = postSolution
		{AEF40A89-AD55-4C07-83CA-585E9295A8DF}.Debug|Any CPU.ActiveCfg = Debug|Any CPU
		{AEF40A89-AD55-4C07-83CA-585E9295A8DF}.Debug|Any CPU.Build.0 = Debug|Any CPU
		{AEF40A89-AD55-4C07-83CA-585E9295A8DF}.Release|Any CPU.ActiveCfg = Release|Any CPU
		{AEF40A89-AD55-4C07-83CA-585E9295A8DF}.Release|Any CPU.Build.0 = Release|Any CPU
		{793F2254-9C30-461B-BDDC-EE96871A48E6}.Debug|Any CPU.ActiveCfg = Debug|Any CPU
		{793F2254-9C30-461B-BDDC-EE96871A48E6}.Debug|Any CPU.Build.0 = Debug|Any CPU
		{793F2254-9C30-461B-BDDC-EE96871A48E6}.Release|Any CPU.ActiveCfg = Release|Any CPU
		{793F2254-9C30-461B-BDDC-EE96871A48E6}.Release|Any CPU.Build.0 = Release|Any CPU
	EndGlobalSection
	GlobalSection(SolutionProperties) = preSolution
		HideSolutionNode = FALSE
	EndGlobalSection
	GlobalSection(ExtensibilityGlobals) = postSolution
		SolutionGuid = {44F552B5-7476-4440-9659-E6B3A8D2A1B1}
	EndGlobalSection
EndGlobal
